PODS:
  - Alamofire (5.6.2)
  - Realm (10.32.0):
    - Realm/Headers (= 10.32.0)
  - Realm/Headers (10.32.0)
  - RealmSwift (10.32.0):
    - Realm (= 10.32.0)
  - RxAlamofire (6.1.1):
    - RxAlamofire/Core (= 6.1.1)
  - RxAlamofire/Core (6.1.1):
    - Alamofire (~> 5.4)
    - RxSwift (~> 6.0)
  - RxCocoa (6.5.0):
    - RxRelay (= 6.5.0)
    - RxSwift (= 6.5.0)
  - RxRealm (5.0.4):
    - Realm (~> 10.21)
    - RealmSwift (~> 10.21)
    - RxCocoa (~> 6.1)
    - RxSwift (~> 6.1)
  - RxRelay (6.5.0):
    - RxSwift (= 6.5.0)
  - RxSwift (6.5.0)

DEPENDENCIES:
  - Alamofire (~> 5.6)
  - Realm (~> 10.32)
  - RealmSwift (~> 10.32)
  - RxAlamofire (~> 6.1)
  - RxRealm (~> 5.0)
  - RxRelay (~> 6.5)
  - RxSwift (~> 6.5)

SPEC REPOS:
  trunk:
    - Alamofire
    - Realm
    - RealmSwift
    - RxAlamofire
    - RxCocoa
    - RxRealm
    - RxRelay
    - RxSwift

SPEC CHECKSUMS:
  Alamofire: d368e1ff8a298e6dde360e35a3e68e6c610e7204
  Realm: a00e93347b8d26d372c7a82f6c0b08d6536a21c8
  RealmSwift: fe09c29ca409f8f905fe4086f2a52936193f2e3d
  RxAlamofire: beb75a1c452d0de225651db4903f5d29d034a620
  RxCocoa: 94f817b71c07517321eb4f9ad299112ca8af743b
  RxRealm: 666c8785327fe2fff972a3093b35dc7055c1ca38
  RxRelay: 1de1523e604c72b6c68feadedd1af3b1b4d0ecbd
  RxSwift: 5710a9e6b17f3c3d6e40d6e559b9fa1e813b2ef8

PODFILE CHECKSUM: 2cda3c86737f3a89e2bc6042c73516239e5ee3c5

COCOAPODS: 1.11.3
