PODS:
  - Alamofire (5.2.1)
  - Realm (5.3.0):
    - Realm/Headers (= 5.3.0)
  - Realm/Headers (5.3.0)
  - RealmSwift (5.3.0):
    - Realm (= 5.3.0)
  - RxAlamofire (5.5.0):
    - RxAlamofire/Core (= 5.5.0)
  - RxAlamofire/Core (5.5.0):
    - Alamofire (~> 5.1)
    - RxSwift (~> 5.1)
  - RxRealm (3.1.0):
    - RealmSwift (~> 5.2)
    - RxSwift (~> 5.0)
  - RxRelay (5.1.1):
    - RxSwift (~> 5)
  - RxSwift (5.1.1)

DEPENDENCIES:
  - Alamofire (~> 5.1)
  - Realm (~> 5.2)
  - RealmSwift (~> 5.2)
  - RxAlamofire (~> 5.2)
  - RxRealm (~> 3.1)
  - RxRelay (~> 5.1)
  - RxSwift (~> 5.1)

SPEC REPOS:
  trunk:
    - Alamofire
    - Realm
    - RealmSwift
    - RxAlamofire
    - RxRealm
    - RxRelay
    - RxSwift

SPEC CHECKSUMS:
  Alamofire: e911732990610fe89af59ac0077f923d72dc3dfd
  Realm: 81b533e4d02518e3e36a702d43a716b48bf89ed6
  RealmSwift: d8954b0c203d532cfa8412ab18e2da01eb071aa4
  RxAlamofire: 22287c710761466d0123504c566a8381520d4d63
  RxRealm: 50e5fe5c1f22518205afbb313fbc5580d73bc586
  RxRelay: d77f7d771495f43c556cbc43eebd1bb54d01e8e9
  RxSwift: 81470a2074fa8780320ea5fe4102807cb7118178

PODFILE CHECKSUM: a76cf9abc9c7b76287b608af1d3af40b2054f152

COCOAPODS: 1.9.3
