PODS:
  - Alamofire (5.2.2)
  - PhDownloader (0.5.0):
    - Alamofire (~> 5.1)
    - Realm (~> 5.2)
    - RealmSwift (~> 5.2)
    - RxAlamofire (~> 5.2)
    - RxRealm (~> 3.1)
    - RxRelay (~> 5.1)
    - RxSwift (~> 5.1)
  - Realm (5.3.1):
    - Realm/Headers (= 5.3.1)
  - Realm/Headers (5.3.1)
  - RealmSwift (5.3.1):
    - Realm (= 5.3.1)
  - RxAlamofire (5.6.0):
    - RxAlamofire/Core (= 5.6.0)
  - RxAlamofire/Core (5.6.0):
    - Alamofire (~> 5.1)
    - RxSwift (~> 5.1)
  - RxRealm (3.1.0):
    - RealmSwift (~> 5.2)
    - RxSwift (~> 5.0)
  - RxRelay (5.1.1):
    - RxSwift (~> 5)
  - RxSwift (5.1.1)

DEPENDENCIES:
  - PhDownloader (from `../`)

SPEC REPOS:
  trunk:
    - Alamofire
    - Realm
    - RealmSwift
    - RxAlamofire
    - RxRealm
    - RxRelay
    - RxSwift

EXTERNAL SOURCES:
  PhDownloader:
    :path: "../"

SPEC CHECKSUMS:
  Alamofire: 814429acc853c6c54ff123fc3d2ef66803823ce0
  PhDownloader: eeb3ec703df4f60281d793f63c5871c947242b48
  Realm: 8ec860dc0c3079f7cab1085d95661a06f162d487
  RealmSwift: ca9d0df752157befb8c28034301f988a56ce91eb
  RxAlamofire: f34ddbab56fa2a36f99737f4d4ecc22288a1384f
  RxRealm: 50e5fe5c1f22518205afbb313fbc5580d73bc586
  RxRelay: d77f7d771495f43c556cbc43eebd1bb54d01e8e9
  RxSwift: 81470a2074fa8780320ea5fe4102807cb7118178

PODFILE CHECKSUM: 4a7808c6a459bd586088564c7b4af95f8d7fd51a

COCOAPODS: 1.9.3
